<?xml version="1.0" encoding="utf-8"?>
<Project ToolsVersion="4.0" xmlns="http://schemas.microsoft.com/developer/msbuild/2003">
  <ItemGroup>
    <ClInclude Include="..\..\src\block.cpp">
        <Filter>lib\synapse\libs\synapse\src</Filter>
    </ClInclude>
    <ClInclude Include="..\..\src\synapse.cpp">
        <Filter>lib\synapse\libs\synapse\src</Filter>
    </ClInclude>
    <ClInclude Include="logger.cpp">
        <Filter>lib\synapse\libs\synapse\example\logger</Filter>
    </ClInclude>
    <ClInclude Include="main.cpp">
        <Filter>lib\synapse\libs\synapse\example\logger</Filter>
    </ClInclude>
  </ItemGroup>
  <ItemGroup>
    <Filter Include="lib">
      <UniqueIdentifier>{3AC42134-0521-4510-6DCD-76E85AD655C0}</UniqueIdentifier>
    </Filter>
    <Filter Include="lib\synapse">
      <UniqueIdentifier>{43942653-6191-0CD6-1DBB-75DE44292F9D}</UniqueIdentifier>
    </Filter>
    <Filter Include="lib\synapse\libs">
      <UniqueIdentifier>{1AF47DC7-1CF6-05E0-5F71-1EC421E425AA}</UniqueIdentifier>
    </Filter>
    <Filter Include="lib\synapse\libs\synapse">
      <UniqueIdentifier>{419C4BEA-56C5-2C50-2F07-2BCC39EC08B1}</UniqueIdentifier>
    </Filter>
    <Filter Include="lib\synapse\libs\synapse\example">
      <UniqueIdentifier>{5DA654E7-1EF7-3ABD-1D3C-293E2BEC2C34}</UniqueIdentifier>
    </Filter>
    <Filter Include="lib\synapse\libs\synapse\example\logger">
      <UniqueIdentifier>{5D131541-2C88-06B0-39F0-35F32FD32AE6}</UniqueIdentifier>
    </Filter>
    <Filter Include="lib\synapse\libs\synapse\src">
      <UniqueIdentifier>{28462A4C-23F8-2D29-0EAA-13DC64547B30}</UniqueIdentifier>
    </Filter>
  </ItemGroup>
</Project>
