<?xml version="1.0" encoding="utf-8"?>
<Project ToolsVersion="4.0" xmlns="http://schemas.microsoft.com/developer/msbuild/2003">
  <ItemGroup>
    <ClInclude Include="..\..\src\block.cpp">
        <Filter>lib\synapse\libs\synapse\src</Filter>
    </ClInclude>
    <ClInclude Include="..\..\src\synapse.cpp">
        <Filter>lib\synapse\libs\synapse\src</Filter>
    </ClInclude>
    <ClInclude Include="callback_api.c">
        <Filter>lib\synapse\libs\synapse\example\callback_api</Filter>
    </ClInclude>
    <ClInclude Include="main.cpp">
        <Filter>lib\synapse\libs\synapse\example\callback_api</Filter>
    </ClInclude>
    <ClInclude Include="synapsify.cpp">
        <Filter>lib\synapse\libs\synapse\example\callback_api</Filter>
    </ClInclude>
  </ItemGroup>
  <ItemGroup>
    <Filter Include="lib">
      <UniqueIdentifier>{3ABD4D3B-7991-0912-1D38-583A42856C9E}</UniqueIdentifier>
    </Filter>
    <Filter Include="lib\synapse">
      <UniqueIdentifier>{4295565B-62B9-0C7E-70C6-749A16C92829}</UniqueIdentifier>
    </Filter>
    <Filter Include="lib\synapse\libs">
      <UniqueIdentifier>{49706DD5-0EA9-4E16-0642-25D32C966EDD}</UniqueIdentifier>
    </Filter>
    <Filter Include="lib\synapse\libs\synapse">
      <UniqueIdentifier>{4F867584-304C-2B99-60F5-0C8A227A6390}</UniqueIdentifier>
    </Filter>
    <Filter Include="lib\synapse\libs\synapse\example">
      <UniqueIdentifier>{70D00BF9-1473-4516-0D2C-3E5B082665AE}</UniqueIdentifier>
    </Filter>
    <Filter Include="lib\synapse\libs\synapse\example\callback_api">
      <UniqueIdentifier>{638E10F8-1450-2573-26B7-325418F061B6}</UniqueIdentifier>
    </Filter>
    <Filter Include="lib\synapse\libs\synapse\src">
      <UniqueIdentifier>{06C179F8-17FC-3AE9-6F6B-7D75065271BB}</UniqueIdentifier>
    </Filter>
  </ItemGroup>
</Project>
