<?xml version="1.0" encoding="utf-8"?>
<Project ToolsVersion="4.0" xmlns="http://schemas.microsoft.com/developer/msbuild/2003">
  <ItemGroup>
    <ClInclude Include="..\src\synapse.cpp">
        <Filter>lib\synapse\libs\synapse\src</Filter>
    </ClInclude>
    <ClInclude Include="connection_user_data_test.cpp">
        <Filter>lib\synapse\libs\synapse\test</Filter>
    </ClInclude>
  </ItemGroup>
  <ItemGroup>
    <Filter Include="lib">
      <UniqueIdentifier>{3A9C295F-3FBF-5D18-0A4E-3ED748F15EF7}</UniqueIdentifier>
    </Filter>
    <Filter Include="lib\synapse">
      <UniqueIdentifier>{3D994684-6880-0AC5-0FF9-6E4333E702E4}</UniqueIdentifier>
    </Filter>
    <Filter Include="lib\synapse\libs">
      <UniqueIdentifier>{31DC1E19-4726-3728-4857-491962125CDB}</UniqueIdentifier>
    </Filter>
    <Filter Include="lib\synapse\libs\synapse">
      <UniqueIdentifier>{15184588-6FEF-2804-5A9C-70402D4029E8}</UniqueIdentifier>
    </Filter>
    <Filter Include="lib\synapse\libs\synapse\src">
      <UniqueIdentifier>{50A21F52-5FDE-78D2-3CDF-27EF55480510}</UniqueIdentifier>
    </Filter>
    <Filter Include="lib\synapse\libs\synapse\test">
      <UniqueIdentifier>{03F37B89-1B3A-3F3E-469C-2035268173C7}</UniqueIdentifier>
    </Filter>
  </ItemGroup>
</Project>
