<?xml version="1.0" encoding="utf-8"?>
<Project ToolsVersion="4.0" xmlns="http://schemas.microsoft.com/developer/msbuild/2003">
  <ItemGroup>
    <ClInclude Include="emit_stub_test.cpp">
        <Filter>lib\synapse\libs\synapse\test</Filter>
    </ClInclude>
  </ItemGroup>
  <ItemGroup>
    <Filter Include="lib">
      <UniqueIdentifier>{3A8F016D-289E-651B-6924-017C184F0CB4}</UniqueIdentifier>
    </Filter>
    <Filter Include="lib\synapse">
      <UniqueIdentifier>{3B9B2694-6AD0-0A15-360D-6BB9592773FC}</UniqueIdentifier>
    </Filter>
    <Filter Include="lib\synapse\libs">
      <UniqueIdentifier>{0ED47E34-2A8B-4795-15F9-573577766F40}</UniqueIdentifier>
    </Filter>
    <Filter Include="lib\synapse\libs\synapse">
      <UniqueIdentifier>{30EC18BD-22FD-2695-3E78-31BB7E5D5FA5}</UniqueIdentifier>
    </Filter>
    <Filter Include="lib\synapse\libs\synapse\test">
      <UniqueIdentifier>{76F50D76-4AD6-0D83-1CC0-522A0DBC7804}</UniqueIdentifier>
    </Filter>
  </ItemGroup>
</Project>
