<?xml version="1.0" encoding="utf-8"?>
<Project ToolsVersion="4.0" xmlns="http://schemas.microsoft.com/developer/msbuild/2003">
  <ItemGroup>
    <ClInclude Include="weak_store_test.cpp">
        <Filter>lib\synapse\libs\synapse\test</Filter>
    </ClInclude>
  </ItemGroup>
  <ItemGroup>
    <Filter Include="lib">
      <UniqueIdentifier>{3AB34F46-2838-6F14-2458-2A361E0C0EEC}</UniqueIdentifier>
    </Filter>
    <Filter Include="lib\synapse">
      <UniqueIdentifier>{01161E67-6475-0BFA-6D55-32B312B85CFB}</UniqueIdentifier>
    </Filter>
    <Filter Include="lib\synapse\libs">
      <UniqueIdentifier>{0F2A15E9-7935-3A68-007C-70687CA21CA9}</UniqueIdentifier>
    </Filter>
    <Filter Include="lib\synapse\libs\synapse">
      <UniqueIdentifier>{246573EC-3697-6A86-6BDA-1DA77F4F6BDE}</UniqueIdentifier>
    </Filter>
    <Filter Include="lib\synapse\libs\synapse\test">
      <UniqueIdentifier>{4D8F5E94-44AD-549B-7515-1E08527D7BE5}</UniqueIdentifier>
    </Filter>
  </ItemGroup>
</Project>
